
Microsoft Visual Studio Solution File, Format Version 12.00
# Visual Studio Version 17
VisualStudioVersion = 17.0.31912.275
MinimumVisualStudioVersion = 10.0.40219.1
Project("{9A19103F-16F7-4668-BE54-9A1E7A4F7556}") = "BasicTermS", "BasicTermS\BasicTermS.csproj", "{FD91DE34-6DD4-4649-BE3F-E3928BDC9B4F}"
EndProject
Project("{9A19103F-16F7-4668-BE54-9A1E7A4F7556}") = "PropertyAndCasualtyLossReserving", "PropertyAndCasualtyLossReserving\PropertyAndCasualtyLossReserving.csproj", "{4BD45DA9-9C07-475D-ACC8-DDB9C5883A2F}"
EndProject
Project("{9A19103F-16F7-4668-BE54-9A1E7A4F7556}") = "ActuarialModelling.WpfApplication", "ActuarialModelling.WpfApplication\ActuarialModelling.WpfApplication.csproj", "{92F63C5D-62FB-4F28-A9F0-655B844F48AF}"
EndProject
Project("{9A19103F-16F7-4668-BE54-9A1E7A4F7556}") = "SimpleLife", "SimpleLife\SimpleLife.csproj", "{3B5BDADE-664A-47AB-9566-84491F455F28}"
EndProject
Project("{FAE04EC0-301F-11D3-BF4B-00C04F79EFBC}") = "SimpleLifeTestXUnit", "SimpleLifeTestXUnit\SimpleLifeTestXUnit.csproj", "{321428DA-4939-4121-95E2-FC11D0B8554A}"
EndProject
Global
	GlobalSection(SolutionConfigurationPlatforms) = preSolution
		Debug|Any CPU = Debug|Any CPU
		Release|Any CPU = Release|Any CPU
	EndGlobalSection
	GlobalSection(ProjectConfigurationPlatforms) = postSolution
		{FD91DE34-6DD4-4649-BE3F-E3928BDC9B4F}.Debug|Any CPU.ActiveCfg = Debug|Any CPU
		{FD91DE34-6DD4-4649-BE3F-E3928BDC9B4F}.Debug|Any CPU.Build.0 = Debug|Any CPU
		{FD91DE34-6DD4-4649-BE3F-E3928BDC9B4F}.Release|Any CPU.ActiveCfg = Release|Any CPU
		{FD91DE34-6DD4-4649-BE3F-E3928BDC9B4F}.Release|Any CPU.Build.0 = Release|Any CPU
		{4BD45DA9-9C07-475D-ACC8-DDB9C5883A2F}.Debug|Any CPU.ActiveCfg = Debug|Any CPU
		{4BD45DA9-9C07-475D-ACC8-DDB9C5883A2F}.Debug|Any CPU.Build.0 = Debug|Any CPU
		{4BD45DA9-9C07-475D-ACC8-DDB9C5883A2F}.Release|Any CPU.ActiveCfg = Release|Any CPU
		{4BD45DA9-9C07-475D-ACC8-DDB9C5883A2F}.Release|Any CPU.Build.0 = Release|Any CPU
		{92F63C5D-62FB-4F28-A9F0-655B844F48AF}.Debug|Any CPU.ActiveCfg = Debug|Any CPU
		{92F63C5D-62FB-4F28-A9F0-655B844F48AF}.Debug|Any CPU.Build.0 = Debug|Any CPU
		{92F63C5D-62FB-4F28-A9F0-655B844F48AF}.Release|Any CPU.ActiveCfg = Release|Any CPU
		{92F63C5D-62FB-4F28-A9F0-655B844F48AF}.Release|Any CPU.Build.0 = Release|Any CPU
		{3B5BDADE-664A-47AB-9566-84491F455F28}.Debug|Any CPU.ActiveCfg = Debug|Any CPU
		{3B5BDADE-664A-47AB-9566-84491F455F28}.Debug|Any CPU.Build.0 = Debug|Any CPU
		{3B5BDADE-664A-47AB-9566-84491F455F28}.Release|Any CPU.ActiveCfg = Release|Any CPU
		{3B5BDADE-664A-47AB-9566-84491F455F28}.Release|Any CPU.Build.0 = Release|Any CPU
		{321428DA-4939-4121-95E2-FC11D0B8554A}.Debug|Any CPU.ActiveCfg = Debug|Any CPU
		{321428DA-4939-4121-95E2-FC11D0B8554A}.Debug|Any CPU.Build.0 = Debug|Any CPU
		{321428DA-4939-4121-95E2-FC11D0B8554A}.Release|Any CPU.ActiveCfg = Release|Any CPU
		{321428DA-4939-4121-95E2-FC11D0B8554A}.Release|Any CPU.Build.0 = Release|Any CPU
	EndGlobalSection
	GlobalSection(SolutionProperties) = preSolution
		HideSolutionNode = FALSE
	EndGlobalSection
	GlobalSection(ExtensibilityGlobals) = postSolution
		SolutionGuid = {B0F9F1AD-3E1C-4DA2-BE6D-B175ECA18B3B}
	EndGlobalSection
EndGlobal
